
Microsoft Visual Studio Solution File, Format Version 12.00
# Visual Studio Version 17
VisualStudioVersion = 17.9.34728.123
MinimumVisualStudioVersion = 10.0.40219.1
Project("{9A19103F-16F7-4668-BE54-9A1E7A4F7556}") = "Zondbe", "Zondbe.csproj", "{A7971F60-881E-43EF-AB1E-29A7EAB9B33D}"
EndProject
Global
	GlobalSection(SolutionConfigurationPlatforms) = preSolution
		Debug|Any CPU = Debug|Any CPU
		Release|Any CPU = Release|Any CPU
	EndGlobalSection
	GlobalSection(ProjectConfigurationPlatforms) = postSolution
		{A7971F60-881E-43EF-AB1E-29A7EAB9B33D}.Debug|Any CPU.ActiveCfg = Debug|Any CPU
		{A7971F60-881E-43EF-AB1E-29A7EAB9B33D}.Debug|Any CPU.Build.0 = Debug|Any CPU
		{A7971F60-881E-43EF-AB1E-29A7EAB9B33D}.Release|Any CPU.ActiveCfg = Release|Any CPU
		{A7971F60-881E-43EF-AB1E-29A7EAB9B33D}.Release|Any CPU.Build.0 = Release|Any CPU
	EndGlobalSection
	GlobalSection(SolutionProperties) = preSolution
		HideSolutionNode = FALSE
	EndGlobalSection
	GlobalSection(ExtensibilityGlobals) = postSolution
		SolutionGuid = {FDF34B68-D454-4581-A293-838766AAC308}
	EndGlobalSection
EndGlobal
